
Microsoft Visual Studio Solution File, Format Version 12.00
# Visual Studio Version 16
VisualStudioVersion = 16.0.28922.388
MinimumVisualStudioVersion = 10.0.40219.1
Project("{9A19103F-16F7-4668-BE54-9A1E7A4F7556}") = "UpskillStore.Product", "UpskillStore.Product\UpskillStore.Product.csproj", "{E484127D-81F6-4107-94C7-233FB642A3CB}"
EndProject
Project("{2150E333-8FDC-42A3-9474-1A3956D46DE8}") = "Infrastructure", "Infrastructure", "{FDE4469F-0577-4CB7-87B4-F9F69F1386D4}"
EndProject
Project("{9A19103F-16F7-4668-BE54-9A1E7A4F7556}") = "UpskillStore.Search", "UpskillStore.Search\UpskillStore.Search.csproj", "{9B503F82-13EA-429F-AFA3-26088ED58BAD}"
EndProject
Project("{9A19103F-16F7-4668-BE54-9A1E7A4F7556}") = "UpskillStore.Data", "UpskillStore.Data\UpskillStore.Data.csproj", "{1F60AF79-F247-4DA3-9F5F-85E199F3E18E}"
EndProject
Project("{2150E333-8FDC-42A3-9474-1A3956D46DE8}") = "Utils", "Utils", "{27970825-DC59-49E3-AF6E-4606FCC3EF10}"
EndProject
Project("{9A19103F-16F7-4668-BE54-9A1E7A4F7556}") = "UpskillStore.Utils", "UpskillStore.Utils\UpskillStore.Utils.csproj", "{A6C1D31B-E732-47E9-A43D-0285EE697BFD}"
EndProject
Project("{9A19103F-16F7-4668-BE54-9A1E7A4F7556}") = "UpskillStore.Category", "UpskillStore.Category\UpskillStore.Category.csproj", "{46A56DF7-6505-41BC-9B93-4C27932EAC7D}"
EndProject
Project("{9A19103F-16F7-4668-BE54-9A1E7A4F7556}") = "UpskillStore.TableStorage", "UpskillStore.TableStorage\UpskillStore.TableStorage.csproj", "{8C045658-9277-4C6E-B961-1FAF09F5A670}"
EndProject
Project("{9A19103F-16F7-4668-BE54-9A1E7A4F7556}") = "UpskillStore.EventPublisher", "UpskillStore.EventPublisher\UpskillStore.EventPublisher.csproj", "{E9347B43-4123-46D2-94A6-61E92BFB2995}"
EndProject
Global
	GlobalSection(SolutionConfigurationPlatforms) = preSolution
		Debug|Any CPU = Debug|Any CPU
		Release|Any CPU = Release|Any CPU
	EndGlobalSection
	GlobalSection(ProjectConfigurationPlatforms) = postSolution
		{E484127D-81F6-4107-94C7-233FB642A3CB}.Debug|Any CPU.ActiveCfg = Debug|Any CPU
		{E484127D-81F6-4107-94C7-233FB642A3CB}.Debug|Any CPU.Build.0 = Debug|Any CPU
		{E484127D-81F6-4107-94C7-233FB642A3CB}.Release|Any CPU.ActiveCfg = Release|Any CPU
		{E484127D-81F6-4107-94C7-233FB642A3CB}.Release|Any CPU.Build.0 = Release|Any CPU
		{9B503F82-13EA-429F-AFA3-26088ED58BAD}.Debug|Any CPU.ActiveCfg = Debug|Any CPU
		{9B503F82-13EA-429F-AFA3-26088ED58BAD}.Debug|Any CPU.Build.0 = Debug|Any CPU
		{9B503F82-13EA-429F-AFA3-26088ED58BAD}.Release|Any CPU.ActiveCfg = Release|Any CPU
		{9B503F82-13EA-429F-AFA3-26088ED58BAD}.Release|Any CPU.Build.0 = Release|Any CPU
		{1F60AF79-F247-4DA3-9F5F-85E199F3E18E}.Debug|Any CPU.ActiveCfg = Debug|Any CPU
		{1F60AF79-F247-4DA3-9F5F-85E199F3E18E}.Debug|Any CPU.Build.0 = Debug|Any CPU
		{1F60AF79-F247-4DA3-9F5F-85E199F3E18E}.Release|Any CPU.ActiveCfg = Release|Any CPU
		{1F60AF79-F247-4DA3-9F5F-85E199F3E18E}.Release|Any CPU.Build.0 = Release|Any CPU
		{A6C1D31B-E732-47E9-A43D-0285EE697BFD}.Debug|Any CPU.ActiveCfg = Debug|Any CPU
		{A6C1D31B-E732-47E9-A43D-0285EE697BFD}.Debug|Any CPU.Build.0 = Debug|Any CPU
		{A6C1D31B-E732-47E9-A43D-0285EE697BFD}.Release|Any CPU.ActiveCfg = Release|Any CPU
		{A6C1D31B-E732-47E9-A43D-0285EE697BFD}.Release|Any CPU.Build.0 = Release|Any CPU
		{46A56DF7-6505-41BC-9B93-4C27932EAC7D}.Debug|Any CPU.ActiveCfg = Debug|Any CPU
		{46A56DF7-6505-41BC-9B93-4C27932EAC7D}.Debug|Any CPU.Build.0 = Debug|Any CPU
		{46A56DF7-6505-41BC-9B93-4C27932EAC7D}.Release|Any CPU.ActiveCfg = Release|Any CPU
		{46A56DF7-6505-41BC-9B93-4C27932EAC7D}.Release|Any CPU.Build.0 = Release|Any CPU
		{8C045658-9277-4C6E-B961-1FAF09F5A670}.Debug|Any CPU.ActiveCfg = Debug|Any CPU
		{8C045658-9277-4C6E-B961-1FAF09F5A670}.Debug|Any CPU.Build.0 = Debug|Any CPU
		{8C045658-9277-4C6E-B961-1FAF09F5A670}.Release|Any CPU.ActiveCfg = Release|Any CPU
		{8C045658-9277-4C6E-B961-1FAF09F5A670}.Release|Any CPU.Build.0 = Release|Any CPU
		{E9347B43-4123-46D2-94A6-61E92BFB2995}.Debug|Any CPU.ActiveCfg = Debug|Any CPU
		{E9347B43-4123-46D2-94A6-61E92BFB2995}.Debug|Any CPU.Build.0 = Debug|Any CPU
		{E9347B43-4123-46D2-94A6-61E92BFB2995}.Release|Any CPU.ActiveCfg = Release|Any CPU
		{E9347B43-4123-46D2-94A6-61E92BFB2995}.Release|Any CPU.Build.0 = Release|Any CPU
	EndGlobalSection
	GlobalSection(SolutionProperties) = preSolution
		HideSolutionNode = FALSE
	EndGlobalSection
	GlobalSection(NestedProjects) = preSolution
		{9B503F82-13EA-429F-AFA3-26088ED58BAD} = {FDE4469F-0577-4CB7-87B4-F9F69F1386D4}
		{1F60AF79-F247-4DA3-9F5F-85E199F3E18E} = {FDE4469F-0577-4CB7-87B4-F9F69F1386D4}
		{A6C1D31B-E732-47E9-A43D-0285EE697BFD} = {27970825-DC59-49E3-AF6E-4606FCC3EF10}
		{8C045658-9277-4C6E-B961-1FAF09F5A670} = {FDE4469F-0577-4CB7-87B4-F9F69F1386D4}
		{E9347B43-4123-46D2-94A6-61E92BFB2995} = {FDE4469F-0577-4CB7-87B4-F9F69F1386D4}
	EndGlobalSection
	GlobalSection(ExtensibilityGlobals) = postSolution
		SolutionGuid = {1E55D753-29EB-4CC3-B4E4-26A5D90D0572}
	EndGlobalSection
EndGlobal
